{
  "name": "book-network",
  "lockfileVersion": 3,
  "requires": true,
  "packages": {
    "": {
      "devDependencies": {
        "@angular/language-service": "^19.0.5"
      }
    },
    "node_modules/@angular/language-service": {
      "version": "19.0.5",
      "resolved": "https://registry.npmjs.org/@angular/language-service/-/language-service-19.0.5.tgz",
      "integrity": "sha512-E4WFEsCzHuF3DYe4EfOCiMGW1zWmq3UYi5XXOBNLyzWDvwU5xTfdme6ECXGawHMc2kCaWMVNL4DzYpVsUgLG0w==",
      "dev": true,
      "license": "MIT",
      "engines": {
        "node": "^18.19.1 || ^20.11.1 || >=22.0.0"
      }
    }
  }
}
